
Microsoft Visual Studio Solution File, Format Version 12.00
# Visual Studio Version 16
VisualStudioVersion = 16.0.30907.101
MinimumVisualStudioVersion = 10.0.40219.1
Project("{FAE04EC0-301F-11D3-BF4B-00C04F79EFBC}") = "testDocker", "testDocker\testDocker.csproj", "{3DFD8037-624D-42E8-AB0E-33833682C5DE}"
EndProject
Global
	GlobalSection(SolutionConfigurationPlatforms) = preSolution
		Debug|Any CPU = Debug|Any CPU
		Release|Any CPU = Release|Any CPU
	EndGlobalSection
	GlobalSection(ProjectConfigurationPlatforms) = postSolution
		{3DFD8037-624D-42E8-AB0E-33833682C5DE}.Debug|Any CPU.ActiveCfg = Debug|Any CPU
		{3DFD8037-624D-42E8-AB0E-33833682C5DE}.Debug|Any CPU.Build.0 = Debug|Any CPU
		{3DFD8037-624D-42E8-AB0E-33833682C5DE}.Release|Any CPU.ActiveCfg = Release|Any CPU
		{3DFD8037-624D-42E8-AB0E-33833682C5DE}.Release|Any CPU.Build.0 = Release|Any CPU
	EndGlobalSection
	GlobalSection(SolutionProperties) = preSolution
		HideSolutionNode = FALSE
	EndGlobalSection
	GlobalSection(ExtensibilityGlobals) = postSolution
		SolutionGuid = {B909996E-36B4-4C56-B592-2E9ED51E550F}
	EndGlobalSection
EndGlobal
